
Microsoft Visual Studio Solution File, Format Version 12.00
# Visual Studio Version 16
VisualStudioVersion = 16.0.31112.23
MinimumVisualStudioVersion = 10.0.40219.1
Project("{FAE04EC0-301F-11D3-BF4B-00C04F79EFBC}") = "Recursion task 2 (Fibonacci numbers list) 93 limited", "Recursion task 2 (Fibonacci numbers list) 93 limited\Recursion task 2 (Fibonacci numbers list) 93 limited.csproj", "{93A26714-2CD0-4FCF-A3D4-F7395ABD0538}"
EndProject
Global
	GlobalSection(SolutionConfigurationPlatforms) = preSolution
		Debug|Any CPU = Debug|Any CPU
		Release|Any CPU = Release|Any CPU
	EndGlobalSection
	GlobalSection(ProjectConfigurationPlatforms) = postSolution
		{93A26714-2CD0-4FCF-A3D4-F7395ABD0538}.Debug|Any CPU.ActiveCfg = Debug|Any CPU
		{93A26714-2CD0-4FCF-A3D4-F7395ABD0538}.Debug|Any CPU.Build.0 = Debug|Any CPU
		{93A26714-2CD0-4FCF-A3D4-F7395ABD0538}.Release|Any CPU.ActiveCfg = Release|Any CPU
		{93A26714-2CD0-4FCF-A3D4-F7395ABD0538}.Release|Any CPU.Build.0 = Release|Any CPU
	EndGlobalSection
	GlobalSection(SolutionProperties) = preSolution
		HideSolutionNode = FALSE
	EndGlobalSection
	GlobalSection(ExtensibilityGlobals) = postSolution
		SolutionGuid = {112466AA-407B-4385-B602-D3C7D55A7BED}
	EndGlobalSection
EndGlobal
